github.com/revx-official/output v0.0.0-20230616133352-a244bc76573d h1:unwdVXNnT5E7RpG3+FjrNVYH+Pk1W11eJpwAwYC8ERM=
github.com/revx-official/output v0.0.0-20230616133352-a244bc76573d/go.mod h1:TMnl5VoqIb9cwiTlBvWLUg7fZNi1R1aeIHS4mE6bO/0=
gopkg.in/check.v1 v0.0.0-20161208181325-20d25e280405/go.mod h1:Co6ibVJAznAaIkqp8huTwlJQCZ016jof/cbN4VW5Yz0=
gopkg.in/yaml.v3 v3.0.1 h1:fxVm/GzAzEWqLHuvctI91KS9hhNmmWOoWu0XTYJS7CA=
gopkg.in/yaml.v3 v3.0.1/go.mod h1:K4uyk7z7BCEPqu6E+C64Yfv1cQ7kz7rIZviUmN+EgEM=
